Microsoft Visual Studio Solution File, Format Version 11.00
# Visual Studio 2008

Project("{E49492C8-C150-A39C-2E86-067FDD6C8E88}") = "HomeworkRepository", "Assembly-CSharp-firstpass.csproj", "{96870A49-8D72-CC31-8FCC-D8BA45F7AA1D}"
EndProject
Project("{E49492C8-C150-A39C-2E86-067FDD6C8E88}") = "HomeworkRepository", "Assembly-CSharp.csproj", "{315D8F17-664D-147E-F4D7-868CF6652B3B}"
EndProject
Project("{E49492C8-C150-A39C-2E86-067FDD6C8E88}") = "HomeworkRepository", "Assembly-CSharp-Editor.csproj", "{3FFFDA37-DF42-94ED-A5C3-1F4B3F973D4A}"
EndProject
Global
	GlobalSection(SolutionConfigurationPlatforms) = preSolution
		Debug|Any CPU = Debug|Any CPU
		Release|Any CPU = Release|Any CPU
	EndGlobalSection
	GlobalSection(ProjectConfigurationPlatforms) = postSolution
		{96870A49-8D72-CC31-8FCC-D8BA45F7AA1D}.Debug|Any CPU.ActiveCfg = Debug|Any CPU
		{96870A49-8D72-CC31-8FCC-D8BA45F7AA1D}.Debug|Any CPU.Build.0 = Debug|Any CPU
		{96870A49-8D72-CC31-8FCC-D8BA45F7AA1D}.Release|Any CPU.ActiveCfg = Release|Any CPU
		{96870A49-8D72-CC31-8FCC-D8BA45F7AA1D}.Release|Any CPU.Build.0 = Release|Any CPU
		{315D8F17-664D-147E-F4D7-868CF6652B3B}.Debug|Any CPU.ActiveCfg = Debug|Any CPU
		{315D8F17-664D-147E-F4D7-868CF6652B3B}.Debug|Any CPU.Build.0 = Debug|Any CPU
		{315D8F17-664D-147E-F4D7-868CF6652B3B}.Release|Any CPU.ActiveCfg = Release|Any CPU
		{315D8F17-664D-147E-F4D7-868CF6652B3B}.Release|Any CPU.Build.0 = Release|Any CPU
		{3FFFDA37-DF42-94ED-A5C3-1F4B3F973D4A}.Debug|Any CPU.ActiveCfg = Debug|Any CPU
		{3FFFDA37-DF42-94ED-A5C3-1F4B3F973D4A}.Debug|Any CPU.Build.0 = Debug|Any CPU
		{3FFFDA37-DF42-94ED-A5C3-1F4B3F973D4A}.Release|Any CPU.ActiveCfg = Release|Any CPU
		{3FFFDA37-DF42-94ED-A5C3-1F4B3F973D4A}.Release|Any CPU.Build.0 = Release|Any CPU
	EndGlobalSection
	GlobalSection(SolutionProperties) = preSolution
		HideSolutionNode = FALSE
	EndGlobalSection
	GlobalSection(MonoDevelopProperties) = preSolution
		StartupItem = Assembly-CSharp.csproj
	EndGlobalSection
EndGlobal
